
Microsoft Visual Studio Solution File, Format Version 12.00
# Visual Studio 14
VisualStudioVersion = 14.0.25420.1
MinimumVisualStudioVersion = 10.0.40219.1
Project("{FAE04EC0-301F-11D3-BF4B-00C04F79EFBC}") = "ScotTargCalculationTest", "ScotTargCalculationTest\ScotTargCalculationTest.csproj", "{298F3E18-29FE-40B9-9E4F-2E88D33A1A73}"
EndProject
Project("{FAE04EC0-301F-11D3-BF4B-00C04F79EFBC}") = "ScotTarg.TargetTools", "ScotTarg.TargetTools\ScotTarg.TargetTools.csproj", "{D8B665BF-188E-4543-B679-0D3EFF3F8F43}"
EndProject
Project("{FAE04EC0-301F-11D3-BF4B-00C04F79EFBC}") = "ScotTarg.IpTools", "ScotTarg.IpTools\ScotTarg.IpTools.csproj", "{868465D0-1D7F-4EFF-801C-37A1AF1562C9}"
EndProject
Project("{FAE04EC0-301F-11D3-BF4B-00C04F79EFBC}") = "ScotTarg.Dhcp", "ScotTarg.Dhcp\ScotTarg.Dhcp.csproj", "{66439363-E276-466C-912F-721F6C80164F}"
EndProject
Project("{FAE04EC0-301F-11D3-BF4B-00C04F79EFBC}") = "ScotTarg.SingleTarget", "ScotTarg.SingleTarget\ScotTarg.SingleTarget.csproj", "{0E4E703B-FA08-48F8-84C9-35C080059287}"
EndProject
Global
	GlobalSection(SolutionConfigurationPlatforms) = preSolution
		Debug|Any CPU = Debug|Any CPU
		Release|Any CPU = Release|Any CPU
	EndGlobalSection
	GlobalSection(ProjectConfigurationPlatforms) = postSolution
		{298F3E18-29FE-40B9-9E4F-2E88D33A1A73}.Debug|Any CPU.ActiveCfg = Debug|Any CPU
		{298F3E18-29FE-40B9-9E4F-2E88D33A1A73}.Debug|Any CPU.Build.0 = Debug|Any CPU
		{298F3E18-29FE-40B9-9E4F-2E88D33A1A73}.Release|Any CPU.ActiveCfg = Release|Any CPU
		{298F3E18-29FE-40B9-9E4F-2E88D33A1A73}.Release|Any CPU.Build.0 = Release|Any CPU
		{D8B665BF-188E-4543-B679-0D3EFF3F8F43}.Debug|Any CPU.ActiveCfg = Debug|Any CPU
		{D8B665BF-188E-4543-B679-0D3EFF3F8F43}.Debug|Any CPU.Build.0 = Debug|Any CPU
		{D8B665BF-188E-4543-B679-0D3EFF3F8F43}.Release|Any CPU.ActiveCfg = Release|Any CPU
		{D8B665BF-188E-4543-B679-0D3EFF3F8F43}.Release|Any CPU.Build.0 = Release|Any CPU
		{868465D0-1D7F-4EFF-801C-37A1AF1562C9}.Debug|Any CPU.ActiveCfg = Debug|Any CPU
		{868465D0-1D7F-4EFF-801C-37A1AF1562C9}.Debug|Any CPU.Build.0 = Debug|Any CPU
		{868465D0-1D7F-4EFF-801C-37A1AF1562C9}.Release|Any CPU.ActiveCfg = Release|Any CPU
		{868465D0-1D7F-4EFF-801C-37A1AF1562C9}.Release|Any CPU.Build.0 = Release|Any CPU
		{66439363-E276-466C-912F-721F6C80164F}.Debug|Any CPU.ActiveCfg = Debug|Any CPU
		{66439363-E276-466C-912F-721F6C80164F}.Debug|Any CPU.Build.0 = Debug|Any CPU
		{66439363-E276-466C-912F-721F6C80164F}.Release|Any CPU.ActiveCfg = Release|Any CPU
		{66439363-E276-466C-912F-721F6C80164F}.Release|Any CPU.Build.0 = Release|Any CPU
		{0E4E703B-FA08-48F8-84C9-35C080059287}.Debug|Any CPU.ActiveCfg = Debug|Any CPU
		{0E4E703B-FA08-48F8-84C9-35C080059287}.Debug|Any CPU.Build.0 = Debug|Any CPU
		{0E4E703B-FA08-48F8-84C9-35C080059287}.Release|Any CPU.ActiveCfg = Release|Any CPU
		{0E4E703B-FA08-48F8-84C9-35C080059287}.Release|Any CPU.Build.0 = Release|Any CPU
	EndGlobalSection
	GlobalSection(SolutionProperties) = preSolution
		HideSolutionNode = FALSE
	EndGlobalSection
EndGlobal
